// !$*UTF8*$!
{
	archiveVersion = 1;
	classes = {
	};
	objectVersion = 55;
	objects = {

/* Begin PBXBuildFile section */
		FC2B96592764E6AC004BC217 /* AppDelegate.swift in Sources */ = {isa = PBXBuildFile; fileRef = FC2B96582764E6AC004BC217 /* AppDelegate.swift */; };
		FC2B965B2764E6AC004BC217 /* SceneDelegate.swift in Sources */ = {isa = PBXBuildFile; fileRef = FC2B965A2764E6AC004BC217 /* SceneDelegate.swift */; };
		FC2B965D2764E6AC004BC217 /* ViewController.swift in Sources */ = {isa = PBXBuildFile; fileRef = FC2B965C2764E6AC004BC217 /* ViewController.swift */; };
		FC2B96602764E6AC004BC217 /* Main.storyboard in Resources */ = {isa = PBXBuildFile; fileRef = FC2B965E2764E6AC004BC217 /* Main.storyboard */; };
		FC2B96622764E6AF004BC217 /* Assets.xcassets in Resources */ = {isa = PBXBuildFile; fileRef = FC2B96612764E6AF004BC217 /* Assets.xcassets */; };
		FC2B96652764E6AF004BC217 /* LaunchScreen.storyboard in Resources */ = {isa = PBXBuildFile; fileRef = FC2B96632764E6AF004BC217 /* LaunchScreen.storyboard */; };
		FC2B96702764E6B0004BC217 /* NESWTests.swift in Sources */ = {isa = PBXBuildFile; fileRef = FC2B966F2764E6B0004BC217 /* NESWTests.swift */; };
		FC2B967A2764E6B0004BC217 /* NESWUITests.swift in Sources */ = {isa = PBXBuildFile; fileRef = FC2B96792764E6B0004BC217 /* NESWUITests.swift */; };
		FC2B967C2764E6B0004BC217 /* NESWUITestsLaunchTests.swift in Sources */ = {isa = PBXBuildFile; fileRef = FC2B967B2764E6B0004BC217 /* NESWUITestsLaunchTests.swift */; };
		FC8BF1D8276767F10084FC69 /* DetailsViewController.swift in Sources */ = {isa = PBXBuildFile; fileRef = FC8BF1D7276767F10084FC69 /* DetailsViewController.swift */; };
/* End PBXBuildFile section */

/* Begin PBXContainerItemProxy section */
		FC2B966C2764E6B0004BC217 /* PBXContainerItemProxy */ = {
			isa = PBXContainerItemProxy;
			containerPortal = FC2B964D2764E6AC004BC217 /* Project object */;
			proxyType = 1;
			remoteGlobalIDString = FC2B96542764E6AC004BC217;
			remoteInfo = NESW;
		};
		FC2B96762764E6B0004BC217 /* PBXContainerItemProxy */ = {
			isa = PBXContainerItemProxy;
			containerPortal = FC2B964D2764E6AC004BC217 /* Project object */;
			proxyType = 1;
			remoteGlobalIDString = FC2B96542764E6AC004BC217;
			remoteInfo = NESW;
		};
/* End PBXContainerItemProxy section */

/* Begin PBXFileReference section */
		FC2B96552764E6AC004BC217 /* NESW.app */ = {isa = PBXFileReference; explicitFileType = wrapper.application; includeInIndex = 0; path = NESW.app; sourceTree = BUILT_PRODUCTS_DIR; };
		FC2B96582764E6AC004BC217 /* AppDelegate.swift */ = {isa = PBXFileReference; lastKnownFileType = sourcecode.swift; path = AppDelegate.swift; sourceTree = "<group>"; };
		FC2B965A2764E6AC004BC217 /* SceneDelegate.swift */ = {isa = PBXFileReference; lastKnownFileType = sourcecode.swift; path = SceneDelegate.swift; sourceTree = "<group>"; };
		FC2B965C2764E6AC004BC217 /* ViewController.swift */ = {isa = PBXFileReference; lastKnownFileType = sourcecode.swift; path = ViewController.swift; sourceTree = "<group>"; };
		FC2B965F2764E6AC004BC217 /* Base */ = {isa = PBXFileReference; lastKnownFileType = file.storyboard; name = Base; path = Base.lproj/Main.storyboard; sourceTree = "<group>"; };
		FC2B96612764E6AF004BC217 /* Assets.xcassets */ = {isa = PBXFileReference; lastKnownFileType = folder.assetcatalog; path = Assets.xcassets; sourceTree = "<group>"; };
		FC2B96642764E6AF004BC217 /* Base */ = {isa = PBXFileReference; lastKnownFileType = file.storyboard; name = Base; path = Base.lproj/LaunchScreen.storyboard; sourceTree = "<group>"; };
		FC2B96662764E6AF004BC217 /* Info.plist */ = {isa = PBXFileReference; lastKnownFileType = text.plist.xml; path = Info.plist; sourceTree = "<group>"; };
		FC2B966B2764E6B0004BC217 /* NESWTests.xctest */ = {isa = PBXFileReference; explicitFileType = wrapper.cfbundle; includeInIndex = 0; path = NESWTests.xctest; sourceTree = BUILT_PRODUCTS_DIR; };
		FC2B966F2764E6B0004BC217 /* NESWTests.swift */ = {isa = PBXFileReference; lastKnownFileType = sourcecode.swift; path = NESWTests.swift; sourceTree = "<group>"; };
		FC2B96752764E6B0004BC217 /* NESWUITests.xctest */ = {isa = PBXFileReference; explicitFileType = wrapper.cfbundle; includeInIndex = 0; path = NESWUITests.xctest; sourceTree = BUILT_PRODUCTS_DIR; };
		FC2B96792764E6B0004BC217 /* NESWUITests.swift */ = {isa = PBXFileReference; lastKnownFileType = sourcecode.swift; path = NESWUITests.swift; sourceTree = "<group>"; };
		FC2B967B2764E6B0004BC217 /* NESWUITestsLaunchTests.swift */ = {isa = PBXFileReference; lastKnownFileType = sourcecode.swift; path = NESWUITestsLaunchTests.swift; sourceTree = "<group>"; };
		FC8BF1D7276767F10084FC69 /* DetailsViewController.swift */ = {isa = PBXFileReference; lastKnownFileType = sourcecode.swift; path = DetailsViewController.swift; sourceTree = "<group>"; };
/* End PBXFileReference section */

/* Begin PBXFrameworksBuildPhase section */
		FC2B96522764E6AC004BC217 /* Frameworks */ = {
			isa = PBXFrameworksBuildPhase;
			buildActionMask = 2147483647;
			files = (
			);
			runOnlyForDeploymentPostprocessing = 0;
		};
		FC2B96682764E6B0004BC217 /* Frameworks */ = {
			isa = PBXFrameworksBuildPhase;
			buildActionMask = 2147483647;
			files = (
			);
			runOnlyForDeploymentPostprocessing = 0;
		};
		FC2B96722764E6B0004BC217 /* Frameworks */ = {
			isa = PBXFrameworksBuildPhase;
			buildActionMask = 2147483647;
			files = (
			);
			runOnlyForDeploymentPostprocessing = 0;
		};
/* End PBXFrameworksBuildPhase section */

/* Begin PBXGroup section */
		FC2B964C2764E6AC004BC217 = {
			isa = PBXGroup;
			children = (
				FC2B96572764E6AC004BC217 /* NESW */,
				FC2B966E2764E6B0004BC217 /* NESWTests */,
				FC2B96782764E6B0004BC217 /* NESWUITests */,
				FC2B96562764E6AC004BC217 /* Products */,
			);
			sourceTree = "<group>";
		};
		FC2B96562764E6AC004BC217 /* Products */ = {
			isa = PBXGroup;
			children = (
				FC2B96552764E6AC004BC217 /* NESW.app */,
				FC2B966B2764E6B0004BC217 /* NESWTests.xctest */,
				FC2B96752764E6B0004BC217 /* NESWUITests.xctest */,
			);
			name = Products;
			sourceTree = "<group>";
		};
		FC2B96572764E6AC004BC217 /* NESW */ = {
			isa = PBXGroup;
			children = (
				FC2B96582764E6AC004BC217 /* AppDelegate.swift */,
				FC2B965A2764E6AC004BC217 /* SceneDelegate.swift */,
				FC2B965C2764E6AC004BC217 /* ViewController.swift */,
				FC2B965E2764E6AC004BC217 /* Main.storyboard */,
				FC2B96612764E6AF004BC217 /* Assets.xcassets */,
				FC2B96632764E6AF004BC217 /* LaunchScreen.storyboard */,
				FC2B96662764E6AF004BC217 /* Info.plist */,
				FC8BF1D7276767F10084FC69 /* DetailsViewController.swift */,
			);
			path = NESW;
			sourceTree = "<group>";
		};
		FC2B966E2764E6B0004BC217 /* NESWTests */ = {
			isa = PBXGroup;
			children = (
				FC2B966F2764E6B0004BC217 /* NESWTests.swift */,
			);
			path = NESWTests;
			sourceTree = "<group>";
		};
		FC2B96782764E6B0004BC217 /* NESWUITests */ = {
			isa = PBXGroup;
			children = (
				FC2B96792764E6B0004BC217 /* NESWUITests.swift */,
				FC2B967B2764E6B0004BC217 /* NESWUITestsLaunchTests.swift */,
			);
			path = NESWUITests;
			sourceTree = "<group>";
		};
/* End PBXGroup section */

/* Begin PBXNativeTarget section */
		FC2B96542764E6AC004BC217 /* NESW */ = {
			isa = PBXNativeTarget;
			buildConfigurationList = FC2B967F2764E6B0004BC217 /* Build configuration list for PBXNativeTarget "NESW" */;
			buildPhases = (
				FC2B96512764E6AC004BC217 /* Sources */,
				FC2B96522764E6AC004BC217 /* Frameworks */,
				FC2B96532764E6AC004BC217 /* Resources */,
			);
			buildRules = (
			);
			dependencies = (
			);
			name = NESW;
			productName = NESW;
			productReference = FC2B96552764E6AC004BC217 /* NESW.app */;
			productType = "com.apple.product-type.application";
		};
		FC2B966A2764E6B0004BC217 /* NESWTests */ = {
			isa = PBXNativeTarget;
			buildConfigurationList = FC2B96822764E6B0004BC217 /* Build configuration list for PBXNativeTarget "NESWTests" */;
			buildPhases = (
				FC2B96672764E6B0004BC217 /* Sources */,
				FC2B96682764E6B0004BC217 /* Frameworks */,
				FC2B96692764E6B0004BC217 /* Resources */,
			);
			buildRules = (
			);
			dependencies = (
				FC2B966D2764E6B0004BC217 /* PBXTargetDependency */,
			);
			name = NESWTests;
			productName = NESWTests;
			productReference = FC2B966B2764E6B0004BC217 /* NESWTests.xctest */;
			productType = "com.apple.product-type.bundle.unit-test";
		};
		FC2B96742764E6B0004BC217 /* NESWUITests */ = {
			isa = PBXNativeTarget;
			buildConfigurationList = FC2B96852764E6B0004BC217 /* Build configuration list for PBXNativeTarget "NESWUITests" */;
			buildPhases = (
				FC2B96712764E6B0004BC217 /* Sources */,
				FC2B96722764E6B0004BC217 /* Frameworks */,
				FC2B96732764E6B0004BC217 /* Resources */,
			);
			buildRules = (
			);
			dependencies = (
				FC2B96772764E6B0004BC217 /* PBXTargetDependency */,
			);
			name = NESWUITests;
			productName = NESWUITests;
			productReference = FC2B96752764E6B0004BC217 /* NESWUITests.xctest */;
			productType = "com.apple.product-type.bundle.ui-testing";
		};
/* End PBXNativeTarget section */

/* Begin PBXProject section */
		FC2B964D2764E6AC004BC217 /* Project object */ = {
			isa = PBXProject;
			attributes = {
				BuildIndependentTargetsInParallel = 1;
				LastSwiftUpdateCheck = 1310;
				LastUpgradeCheck = 1310;
				TargetAttributes = {
					FC2B96542764E6AC004BC217 = {
						CreatedOnToolsVersion = 13.1;
					};
					FC2B966A2764E6B0004BC217 = {
						CreatedOnToolsVersion = 13.1;
						TestTargetID = FC2B96542764E6AC004BC217;
					};
					FC2B96742764E6B0004BC217 = {
						CreatedOnToolsVersion = 13.1;
						TestTargetID = FC2B96542764E6AC004BC217;
					};
				};
			};
			buildConfigurationList = FC2B96502764E6AC004BC217 /* Build configuration list for PBXProject "NESW" */;
			compatibilityVersion = "Xcode 13.0";
			developmentRegion = en;
			hasScannedForEncodings = 0;
			knownRegions = (
				en,
				Base,
			);
			mainGroup = FC2B964C2764E6AC004BC217;
			productRefGroup = FC2B96562764E6AC004BC217 /* Products */;
			projectDirPath = "";
			projectRoot = "";
			targets = (
				FC2B96542764E6AC004BC217 /* NESW */,
				FC2B966A2764E6B0004BC217 /* NESWTests */,
				FC2B96742764E6B0004BC217 /* NESWUITests */,
			);
		};
/* End PBXProject section */

/* Begin PBXResourcesBuildPhase section */
		FC2B96532764E6AC004BC217 /* Resources */ = {
			isa = PBXResourcesBuildPhase;
			buildActionMask = 2147483647;
			files = (
				FC2B96652764E6AF004BC217 /* LaunchScreen.storyboard in Resources */,
				FC2B96622764E6AF004BC217 /* Assets.xcassets in Resources */,
				FC2B96602764E6AC004BC217 /* Main.storyboard in Resources */,
			);
			runOnlyForDeploymentPostprocessing = 0;
		};
		FC2B96692764E6B0004BC217 /* Resources */ = {
			isa = PBXResourcesBuildPhase;
			buildActionMask = 2147483647;
			files = (
			);
			runOnlyForDeploymentPostprocessing = 0;
		};
		FC2B96732764E6B0004BC217 /* Resources */ = {
			isa = PBXResourcesBuildPhase;
			buildActionMask = 2147483647;
			files = (
			);
			runOnlyForDeploymentPostprocessing = 0;
		};
/* End PBXResourcesBuildPhase section */

/* Begin PBXSourcesBuildPhase section */
		FC2B96512764E6AC004BC217 /* Sources */ = {
			isa = PBXSourcesBuildPhase;
			buildActionMask = 2147483647;
			files = (
				FC2B965D2764E6AC004BC217 /* ViewController.swift in Sources */,
				FC2B96592764E6AC004BC217 /* AppDelegate.swift in Sources */,
				FC2B965B2764E6AC004BC217 /* SceneDelegate.swift in Sources */,
				FC8BF1D8276767F10084FC69 /* DetailsViewController.swift in Sources */,
			);
			runOnlyForDeploymentPostprocessing = 0;
		};
		FC2B96672764E6B0004BC217 /* Sources */ = {
			isa = PBXSourcesBuildPhase;
			buildActionMask = 2147483647;
			files = (
				FC2B96702764E6B0004BC217 /* NESWTests.swift in Sources */,
			);
			runOnlyForDeploymentPostprocessing = 0;
		};
		FC2B96712764E6B0004BC217 /* Sources */ = {
			isa = PBXSourcesBuildPhase;
			buildActionMask = 2147483647;
			files = (
				FC2B967A2764E6B0004BC217 /* NESWUITests.swift in Sources */,
				FC2B967C2764E6B0004BC217 /* NESWUITestsLaunchTests.swift in Sources */,
			);
			runOnlyForDeploymentPostprocessing = 0;
		};
/* End PBXSourcesBuildPhase section */

/* Begin PBXTargetDependency section */
		FC2B966D2764E6B0004BC217 /* PBXTargetDependency */ = {
			isa = PBXTargetDependency;
			target = FC2B96542764E6AC004BC217 /* NESW */;
			targetProxy = FC2B966C2764E6B0004BC217 /* PBXContainerItemProxy */;
		};
		FC2B96772764E6B0004BC217 /* PBXTargetDependency */ = {
			isa = PBXTargetDependency;
			target = FC2B96542764E6AC004BC217 /* NESW */;
			targetProxy = FC2B96762764E6B0004BC217 /* PBXContainerItemProxy */;
		};
/* End PBXTargetDependency section */

/* Begin PBXVariantGroup section */
		FC2B965E2764E6AC004BC217 /* Main.storyboard */ = {
			isa = PBXVariantGroup;
			children = (
				FC2B965F2764E6AC004BC217 /* Base */,
			);
			name = Main.storyboard;
			sourceTree = "<group>";
		};
		FC2B96632764E6AF004BC217 /* LaunchScreen.storyboard */ = {
			isa = PBXVariantGroup;
			children = (
				FC2B96642764E6AF004BC217 /* Base */,
			);
			name = LaunchScreen.storyboard;
			sourceTree = "<group>";
		};
/* End PBXVariantGroup section */

/* Begin XCBuildConfiguration section */
		FC2B967D2764E6B0004BC217 /* Debug */ = {
			isa = XCBuildConfiguration;
			buildSettings = {
				ALWAYS_SEARCH_USER_PATHS = NO;
				CLANG_ANALYZER_NONNULL = YES;
				CLANG_ANALYZER_NUMBER_OBJECT_CONVERSION = YES_AGGRESSIVE;
				CLANG_CXX_LANGUAGE_STANDARD = "gnu++17";
				CLANG_CXX_LIBRARY = "libc++";
				CLANG_ENABLE_MODULES = YES;
				CLANG_ENABLE_OBJC_ARC = YES;
				CLANG_ENABLE_OBJC_WEAK = YES;
				CLANG_WARN_BLOCK_CAPTURE_AUTORELEASING = YES;
				CLANG_WARN_BOOL_CONVERSION = YES;
				CLANG_WARN_COMMA = YES;
				CLANG_WARN_CONSTANT_CONVERSION = YES;
				CLANG_WARN_DEPRECATED_OBJC_IMPLEMENTATIONS = YES;
				CLANG_WARN_DIRECT_OBJC_ISA_USAGE = YES_ERROR;
				CLANG_WARN_DOCUMENTATION_COMMENTS = YES;
				CLANG_WARN_EMPTY_BODY = YES;
				CLANG_WARN_ENUM_CONVERSION = YES;
				CLANG_WARN_INFINITE_RECURSION = YES;
				CLANG_WARN_INT_CONVERSION = YES;
				CLANG_WARN_NON_LITERAL_NULL_CONVERSION = YES;
				CLANG_WARN_OBJC_IMPLICIT_RETAIN_SELF = YES;
				CLANG_WARN_OBJC_LITERAL_CONVERSION = YES;
				CLANG_WARN_OBJC_ROOT_CLASS = YES_ERROR;
				CLANG_WARN_QUOTED_INCLUDE_IN_FRAMEWORK_HEADER = YES;
				CLANG_WARN_RANGE_LOOP_ANALYSIS = YES;
				CLANG_WARN_STRICT_PROTOTYPES = YES;
				CLANG_WARN_SUSPICIOUS_MOVE = YES;
				CLANG_WARN_UNGUARDED_AVAILABILITY = YES_AGGRESSIVE;
				CLANG_WARN_UNREACHABLE_CODE = YES;
				CLANG_WARN__DUPLICATE_METHOD_MATCH = YES;
				COPY_PHASE_STRIP = NO;
				DEBUG_INFORMATION_FORMAT = dwarf;
				ENABLE_STRICT_OBJC_MSGSEND = YES;
				ENABLE_TESTABILITY = YES;
				GCC_C_LANGUAGE_STANDARD = gnu11;
				GCC_DYNAMIC_NO_PIC = NO;
				GCC_NO_COMMON_BLOCKS = YES;
				GCC_OPTIMIZATION_LEVEL = 0;
				GCC_PREPROCESSOR_DEFINITIONS = (
					"DEBUG=1",
					"$(inherited)",
				);
				GCC_WARN_64_TO_32_BIT_CONVERSION = YES;
				GCC_WARN_ABOUT_RETURN_TYPE = YES_ERROR;
				GCC_WARN_UNDECLARED_SELECTOR = YES;
				GCC_WARN_UNINITIALIZED_AUTOS = YES_AGGRESSIVE;
				GCC_WARN_UNUSED_FUNCTION = YES;
				GCC_WARN_UNUSED_VARIABLE = YES;
				IPHONEOS_DEPLOYMENT_TARGET = 15.0;
				MTL_ENABLE_DEBUG_INFO = INCLUDE_SOURCE;
				MTL_FAST_MATH = YES;
				ONLY_ACTIVE_ARCH = YES;
				SDKROOT = iphoneos;
				SWIFT_ACTIVE_COMPILATION_CONDITIONS = DEBUG;
				SWIFT_OPTIMIZATION_LEVEL = "-Onone";
			};
			name = Debug;
		};
		FC2B967E2764E6B0004BC217 /* Release */ = {
			isa = XCBuildConfiguration;
			buildSettings = {
				ALWAYS_SEARCH_USER_PATHS = NO;
				CLANG_ANALYZER_NONNULL = YES;
				CLANG_ANALYZER_NUMBER_OBJECT_CONVERSION = YES_AGGRESSIVE;
				CLANG_CXX_LANGUAGE_STANDARD = "gnu++17";
				CLANG_CXX_LIBRARY = "libc++";
				CLANG_ENABLE_MODULES = YES;
				CLANG_ENABLE_OBJC_ARC = YES;
				CLANG_ENABLE_OBJC_WEAK = YES;
				CLANG_WARN_BLOCK_CAPTURE_AUTORELEASING = YES;
				CLANG_WARN_BOOL_CONVERSION = YES;
				CLANG_WARN_COMMA = YES;
				CLANG_WARN_CONSTANT_CONVERSION = YES;
				CLANG_WARN_DEPRECATED_OBJC_IMPLEMENTATIONS = YES;
				CLANG_WARN_DIRECT_OBJC_ISA_USAGE = YES_ERROR;
				CLANG_WARN_DOCUMENTATION_COMMENTS = YES;
				CLANG_WARN_EMPTY_BODY = YES;
				CLANG_WARN_ENUM_CONVERSION = YES;
				CLANG_WARN_INFINITE_RECURSION = YES;
				CLANG_WARN_INT_CONVERSION = YES;
				CLANG_WARN_NON_LITERAL_NULL_CONVERSION = YES;
				CLANG_WARN_OBJC_IMPLICIT_RETAIN_SELF = YES;
				CLANG_WARN_OBJC_LITERAL_CONVERSION = YES;
				CLANG_WARN_OBJC_ROOT_CLASS = YES_ERROR;
				CLANG_WARN_QUOTED_INCLUDE_IN_FRAMEWORK_HEADER = YES;
				CLANG_WARN_RANGE_LOOP_ANALYSIS = YES;
				CLANG_WARN_STRICT_PROTOTYPES = YES;
				CLANG_WARN_SUSPICIOUS_MOVE = YES;
				CLANG_WARN_UNGUARDED_AVAILABILITY = YES_AGGRESSIVE;
				CLANG_WARN_UNREACHABLE_CODE = YES;
				CLANG_WARN__DUPLICATE_METHOD_MATCH = YES;
				COPY_PHASE_STRIP = NO;
				DEBUG_INFORMATION_FORMAT = "dwarf-with-dsym";
				ENABLE_NS_ASSERTIONS = NO;
				ENABLE_STRICT_OBJC_MSGSEND = YES;
				GCC_C_LANGUAGE_STANDARD = gnu11;
				GCC_NO_COMMON_BLOCKS = YES;
				GCC_WARN_64_TO_32_BIT_CONVERSION = YES;
				GCC_WARN_ABOUT_RETURN_TYPE = YES_ERROR;
				GCC_WARN_UNDECLARED_SELECTOR = YES;
				GCC_WARN_UNINITIALIZED_AUTOS = YES_AGGRESSIVE;
				GCC_WARN_UNUSED_FUNCTION = YES;
				GCC_WARN_UNUSED_VARIABLE = YES;
				IPHONEOS_DEPLOYMENT_TARGET = 15.0;
				MTL_ENABLE_DEBUG_INFO = NO;
				MTL_FAST_MATH = YES;
				SDKROOT = iphoneos;
				SWIFT_COMPILATION_MODE = wholemodule;
				SWIFT_OPTIMIZATION_LEVEL = "-O";
				VALIDATE_PRODUCT = YES;
			};
			name = Release;
		};
		FC2B96802764E6B0004BC217 /* Debug */ = {
			isa = XCBuildConfiguration;
			buildSettings = {
				ASSETCATALOG_COMPILER_APPICON_NAME = AppIcon;
				ASSETCATALOG_COMPILER_GLOBAL_ACCENT_COLOR_NAME = AccentColor;
				CODE_SIGN_STYLE = Automatic;
				CURRENT_PROJECT_VERSION = 1;
				DEVELOPMENT_TEAM = THU336WA8H;
				GENERATE_INFOPLIST_FILE = YES;
				INFOPLIST_FILE = NESW/Info.plist;
				INFOPLIST_KEY_UIApplicationSupportsIndirectInputEvents = YES;
				INFOPLIST_KEY_UILaunchStoryboardName = LaunchScreen;
				INFOPLIST_KEY_UIMainStoryboardFile = Main;
				INFOPLIST_KEY_UISupportedInterfaceOrientations_iPad = "UIInterfaceOrientationPortrait UIInterfaceOrientationPortraitUpsideDown UIInterfaceOrientationLandscapeLeft UIInterfaceOrientationLandscapeRight";
				INFOPLIST_KEY_UISupportedInterfaceOrientations_iPhone = "UIInterfaceOrientationPortrait UIInterfaceOrientationLandscapeLeft UIInterfaceOrientationLandscapeRight";
				LD_RUNPATH_SEARCH_PATHS = (
					"$(inherited)",
					"@executable_path/Frameworks",
				);
				MARKETING_VERSION = 1.0;
				PRODUCT_BUNDLE_IDENTIFIER = ShahadAlhanaya2021.NESW;
				PRODUCT_NAME = "$(TARGET_NAME)";
				SWIFT_EMIT_LOC_STRINGS = YES;
				SWIFT_VERSION = 5.0;
				TARGETED_DEVICE_FAMILY = "1,2";
			};
			name = Debug;
		};
		FC2B96812764E6B0004BC217 /* Release */ = {
			isa = XCBuildConfiguration;
			buildSettings = {
				ASSETCATALOG_COMPILER_APPICON_NAME = AppIcon;
				ASSETCATALOG_COMPILER_GLOBAL_ACCENT_COLOR_NAME = AccentColor;
				CODE_SIGN_STYLE = Automatic;
				CURRENT_PROJECT_VERSION = 1;
				DEVELOPMENT_TEAM = THU336WA8H;
				GENERATE_INFOPLIST_FILE = YES;
				INFOPLIST_FILE = NESW/Info.plist;
				INFOPLIST_KEY_UIApplicationSupportsIndirectInputEvents = YES;
				INFOPLIST_KEY_UILaunchStoryboardName = LaunchScreen;
				INFOPLIST_KEY_UIMainStoryboardFile = Main;
				INFOPLIST_KEY_UISupportedInterfaceOrientations_iPad = "UIInterfaceOrientationPortrait UIInterfaceOrientationPortraitUpsideDown UIInterfaceOrientationLandscapeLeft UIInterfaceOrientationLandscapeRight";
				INFOPLIST_KEY_UISupportedInterfaceOrientations_iPhone = "UIInterfaceOrientationPortrait UIInterfaceOrientationLandscapeLeft UIInterfaceOrientationLandscapeRight";
				LD_RUNPATH_SEARCH_PATHS = (
					"$(inherited)",
					"@executable_path/Frameworks",
				);
				MARKETING_VERSION = 1.0;
				PRODUCT_BUNDLE_IDENTIFIER = ShahadAlhanaya2021.NESW;
				PRODUCT_NAME = "$(TARGET_NAME)";
				SWIFT_EMIT_LOC_STRINGS = YES;
				SWIFT_VERSION = 5.0;
				TARGETED_DEVICE_FAMILY = "1,2";
			};
			name = Release;
		};
		FC2B96832764E6B0004BC217 /* Debug */ = {
			isa = XCBuildConfiguration;
			buildSettings = {
				ALWAYS_EMBED_SWIFT_STANDARD_LIBRARIES = YES;
				BUNDLE_LOADER = "$(TEST_HOST)";
				CODE_SIGN_STYLE = Automatic;
				CURRENT_PROJECT_VERSION = 1;
				DEVELOPMENT_TEAM = THU336WA8H;
				GENERATE_INFOPLIST_FILE = YES;
				IPHONEOS_DEPLOYMENT_TARGET = 15.0;
				LD_RUNPATH_SEARCH_PATHS = (
					"$(inherited)",
					"@executable_path/Frameworks",
					"@loader_path/Frameworks",
				);
				MARKETING_VERSION = 1.0;
				PRODUCT_BUNDLE_IDENTIFIER = ShahadAlhanaya2021.NESWTests;
				PRODUCT_NAME = "$(TARGET_NAME)";
				SWIFT_EMIT_LOC_STRINGS = NO;
				SWIFT_VERSION = 5.0;
				TARGETED_DEVICE_FAMILY = "1,2";
				TEST_HOST = "$(BUILT_PRODUCTS_DIR)/NESW.app/NESW";
			};
			name = Debug;
		};
		FC2B96842764E6B0004BC217 /* Release */ = {
			isa = XCBuildConfiguration;
			buildSettings = {
				ALWAYS_EMBED_SWIFT_STANDARD_LIBRARIES = YES;
				BUNDLE_LOADER = "$(TEST_HOST)";
				CODE_SIGN_STYLE = Automatic;
				CURRENT_PROJECT_VERSION = 1;
				DEVELOPMENT_TEAM = THU336WA8H;
				GENERATE_INFOPLIST_FILE = YES;
				IPHONEOS_DEPLOYMENT_TARGET = 15.0;
				LD_RUNPATH_SEARCH_PATHS = (
					"$(inherited)",
					"@executable_path/Frameworks",
					"@loader_path/Frameworks",
				);
				MARKETING_VERSION = 1.0;
				PRODUCT_BUNDLE_IDENTIFIER = ShahadAlhanaya2021.NESWTests;
				PRODUCT_NAME = "$(TARGET_NAME)";
				SWIFT_EMIT_LOC_STRINGS = NO;
				SWIFT_VERSION = 5.0;
				TARGETED_DEVICE_FAMILY = "1,2";
				TEST_HOST = "$(BUILT_PRODUCTS_DIR)/NESW.app/NESW";
			};
			name = Release;
		};
		FC2B96862764E6B0004BC217 /* Debug */ = {
			isa = XCBuildConfiguration;
			buildSettings = {
				ALWAYS_EMBED_SWIFT_STANDARD_LIBRARIES = YES;
				CODE_SIGN_STYLE = Automatic;
				CURRENT_PROJECT_VERSION = 1;
				DEVELOPMENT_TEAM = THU336WA8H;
				GENERATE_INFOPLIST_FILE = YES;
				LD_RUNPATH_SEARCH_PATHS = (
					"$(inherited)",
					"@executable_path/Frameworks",
					"@loader_path/Frameworks",
				);
				MARKETING_VERSION = 1.0;
				PRODUCT_BUNDLE_IDENTIFIER = ShahadAlhanaya2021.NESWUITests;
				PRODUCT_NAME = "$(TARGET_NAME)";
				SWIFT_EMIT_LOC_STRINGS = NO;
				SWIFT_VERSION = 5.0;
				TARGETED_DEVICE_FAMILY = "1,2";
				TEST_TARGET_NAME = NESW;
			};
			name = Debug;
		};
		FC2B96872764E6B0004BC217 /* Release */ = {
			isa = XCBuildConfiguration;
			buildSettings = {
				ALWAYS_EMBED_SWIFT_STANDARD_LIBRARIES = YES;
				CODE_SIGN_STYLE = Automatic;
				CURRENT_PROJECT_VERSION = 1;
				DEVELOPMENT_TEAM = THU336WA8H;
				GENERATE_INFOPLIST_FILE = YES;
				LD_RUNPATH_SEARCH_PATHS = (
					"$(inherited)",
					"@executable_path/Frameworks",
					"@loader_path/Frameworks",
				);
				MARKETING_VERSION = 1.0;
				PRODUCT_BUNDLE_IDENTIFIER = ShahadAlhanaya2021.NESWUITests;
				PRODUCT_NAME = "$(TARGET_NAME)";
				SWIFT_EMIT_LOC_STRINGS = NO;
				SWIFT_VERSION = 5.0;
				TARGETED_DEVICE_FAMILY = "1,2";
				TEST_TARGET_NAME = NESW;
			};
			name = Release;
		};
/* End XCBuildConfiguration section */

/* Begin XCConfigurationList section */
		FC2B96502764E6AC004BC217 /* Build configuration list for PBXProject "NESW" */ = {
			isa = XCConfigurationList;
			buildConfigurations = (
				FC2B967D2764E6B0004BC217 /* Debug */,
				FC2B967E2764E6B0004BC217 /* Release */,
			);
			defaultConfigurationIsVisible = 0;
			defaultConfigurationName = Release;
		};
		FC2B967F2764E6B0004BC217 /* Build configuration list for PBXNativeTarget "NESW" */ = {
			isa = XCConfigurationList;
			buildConfigurations = (
				FC2B96802764E6B0004BC217 /* Debug */,
				FC2B96812764E6B0004BC217 /* Release */,
			);
			defaultConfigurationIsVisible = 0;
			defaultConfigurationName = Release;
		};
		FC2B96822764E6B0004BC217 /* Build configuration list for PBXNativeTarget "NESWTests" */ = {
			isa = XCConfigurationList;
			buildConfigurations = (
				FC2B96832764E6B0004BC217 /* Debug */,
				FC2B96842764E6B0004BC217 /* Release */,
			);
			defaultConfigurationIsVisible = 0;
			defaultConfigurationName = Release;
		};
		FC2B96852764E6B0004BC217 /* Build configuration list for PBXNativeTarget "NESWUITests" */ = {
			isa = XCConfigurationList;
			buildConfigurations = (
				FC2B96862764E6B0004BC217 /* Debug */,
				FC2B96872764E6B0004BC217 /* Release */,
			);
			defaultConfigurationIsVisible = 0;
			defaultConfigurationName = Release;
		};
/* End XCConfigurationList section */
	};
	rootObject = FC2B964D2764E6AC004BC217 /* Project object */;
}
